// !$*UTF8*$!
{
	archiveVersion = 1;
	classes = {
	};
	objectVersion = 46;
	objects = {

/* Begin PBXBuildFile section */
		A1804BBA183C611100858B22 /* UIKit.framework in Frameworks */ = {isa = PBXBuildFile; fileRef = A1804BB9183C611100858B22 /* UIKit.framework */; };
		A1804BBC183C611100858B22 /* Foundation.framework in Frameworks */ = {isa = PBXBuildFile; fileRef = A1804BBB183C611100858B22 /* Foundation.framework */; };
		A1804BBE183C611100858B22 /* CoreGraphics.framework in Frameworks */ = {isa = PBXBuildFile; fileRef = A1804BBD183C611100858B22 /* CoreGraphics.framework */; };
		A1804BC4183C611100858B22 /* InfoPlist.strings in Resources */ = {isa = PBXBuildFile; fileRef = A1804BC2183C611100858B22 /* InfoPlist.strings */; };
		A1804BC6183C611100858B22 /* main.m in Sources */ = {isa = PBXBuildFile; fileRef = A1804BC5183C611100858B22 /* main.m */; };
		A1804BCA183C611100858B22 /* XXXAppDelegate.m in Sources */ = {isa = PBXBuildFile; fileRef = A1804BC9183C611100858B22 /* XXXAppDelegate.m */; };
		A1804BCC183C611100858B22 /* Default.png in Resources */ = {isa = PBXBuildFile; fileRef = A1804BCB183C611100858B22 /* Default.png */; };
		A1804BCE183C611100858B22 /* Default@2x.png in Resources */ = {isa = PBXBuildFile; fileRef = A1804BCD183C611100858B22 /* Default@2x.png */; };
		A1804BD0183C611100858B22 /* Default-568h@2x.png in Resources */ = {isa = PBXBuildFile; fileRef = A1804BCF183C611100858B22 /* Default-568h@2x.png */; };
		A1804BD8183C611200858B22 /* SenTestingKit.framework in Frameworks */ = {isa = PBXBuildFile; fileRef = A1804BD7183C611200858B22 /* SenTestingKit.framework */; };
		A1804BD9183C611200858B22 /* UIKit.framework in Frameworks */ = {isa = PBXBuildFile; fileRef = A1804BB9183C611100858B22 /* UIKit.framework */; };
		A1804BDA183C611200858B22 /* Foundation.framework in Frameworks */ = {isa = PBXBuildFile; fileRef = A1804BBB183C611100858B22 /* Foundation.framework */; };
		A1804BE2183C611200858B22 /* InfoPlist.strings in Resources */ = {isa = PBXBuildFile; fileRef = A1804BE0183C611200858B22 /* InfoPlist.strings */; };
		A1804BE5183C611200858B22 /* MagazineprojectsTests.m in Sources */ = {isa = PBXBuildFile; fileRef = A1804BE4183C611200858B22 /* MagazineprojectsTests.m */; };
		A1804BF8183C64A300858B22 /* libxml2.dylib in Frameworks */ = {isa = PBXBuildFile; fileRef = A1804BF7183C64A300858B22 /* libxml2.dylib */; };
		A19FFCB7183C7EB200510558 /* GDataXMLNode.m in Sources */ = {isa = PBXBuildFile; fileRef = A19FFCB6183C7EB200510558 /* GDataXMLNode.m */; settings = {COMPILER_FLAGS = "-fno-objc-arc"; }; };
		A19FFCB8183C80AF00510558 /* GDataXMLNode.m in Sources */ = {isa = PBXBuildFile; fileRef = A19FFCB6183C7EB200510558 /* GDataXMLNode.m */; settings = {COMPILER_FLAGS = "-fno-objc-arc"; }; };
		A19FFD26183C86F300510558 /* QuartzCore.framework in Frameworks */ = {isa = PBXBuildFile; fileRef = A19FFD25183C86F300510558 /* QuartzCore.framework */; };
		A19FFD7F183C967A00510558 /* AccelerationAnimation.m in Sources */ = {isa = PBXBuildFile; fileRef = A19FFD70183C967900510558 /* AccelerationAnimation.m */; };
		A19FFD80183C967A00510558 /* Evaluate.m in Sources */ = {isa = PBXBuildFile; fileRef = A19FFD72183C967900510558 /* Evaluate.m */; };
		A19FFD81183C967A00510558 /* REBackgroundView.m in Sources */ = {isa = PBXBuildFile; fileRef = A19FFD74183C967900510558 /* REBackgroundView.m */; };
		A19FFD82183C967A00510558 /* RESideMenu.m in Sources */ = {isa = PBXBuildFile; fileRef = A19FFD76183C967900510558 /* RESideMenu.m */; };
		A19FFD83183C967A00510558 /* RESideMenuCell.m in Sources */ = {isa = PBXBuildFile; fileRef = A19FFD78183C967900510558 /* RESideMenuCell.m */; };
		A19FFD84183C967A00510558 /* RESideMenuItem.m in Sources */ = {isa = PBXBuildFile; fileRef = A19FFD7A183C967900510558 /* RESideMenuItem.m */; };
		A19FFD85183C967A00510558 /* UINavigationController+DelegateFixes.m in Sources */ = {isa = PBXBuildFile; fileRef = A19FFD7C183C967900510558 /* UINavigationController+DelegateFixes.m */; };
		A19FFD86183C967A00510558 /* UIView+ImageSnapshot.m in Sources */ = {isa = PBXBuildFile; fileRef = A19FFD7E183C967A00510558 /* UIView+ImageSnapshot.m */; };
		A19FFD8F183C96BE00510558 /* DemoViewController.m in Sources */ = {isa = PBXBuildFile; fileRef = A19FFD8A183C96BE00510558 /* DemoViewController.m */; };
		A19FFD90183C96BE00510558 /* RootViewController.m in Sources */ = {isa = PBXBuildFile; fileRef = A19FFD8C183C96BE00510558 /* RootViewController.m */; };
		A19FFD91183C96BE00510558 /* SecondViewController.m in Sources */ = {isa = PBXBuildFile; fileRef = A19FFD8E183C96BE00510558 /* SecondViewController.m */; };
		A19FFDA8183CA09200510558 /* aizaixianjingderizi.jpeg in Resources */ = {isa = PBXBuildFile; fileRef = A19FFD95183CA09200510558 /* aizaixianjingderizi.jpeg */; };
		A19FFDA9183CA09200510558 /* anshizhangda.jpeg in Resources */ = {isa = PBXBuildFile; fileRef = A19FFD96183CA09200510558 /* anshizhangda.jpeg */; };
		A19FFDAA183CA09200510558 /* bubizhidaowoshishui.jpeg in Resources */ = {isa = PBXBuildFile; fileRef = A19FFD97183CA09200510558 /* bubizhidaowoshishui.jpeg */; };
		A19FFDAB183CA09200510558 /* dangnigudannihuixiangqishui.jpeg in Resources */ = {isa = PBXBuildFile; fileRef = A19FFD98183CA09200510558 /* dangnigudannihuixiangqishui.jpeg */; };
		A19FFDAC183CA09200510558 /* hudielaiguozheshijie.jpeg in Resources */ = {isa = PBXBuildFile; fileRef = A19FFD99183CA09200510558 /* hudielaiguozheshijie.jpeg */; };
		A19FFDAD183CA09200510558 /* liaiyigeIDdejuli.jpeg in Resources */ = {isa = PBXBuildFile; fileRef = A19FFD9A183CA09200510558 /* liaiyigeIDdejuli.jpeg */; };
		A19FFDAE183CA09200510558 /* shalou.jpeg in Resources */ = {isa = PBXBuildFile; fileRef = A19FFD9B183CA09200510558 /* shalou.jpeg */; };
		A19FFDAF183CA09200510558 /* shinian.jpeg in Resources */ = {isa = PBXBuildFile; fileRef = A19FFD9C183CA09200510558 /* shinian.jpeg */; };
		A19FFDB0183CA09200510558 /* tangyi.jpeg in Resources */ = {isa = PBXBuildFile; fileRef = A19FFD9D183CA09200510558 /* tangyi.jpeg */; };
		A19FFDB1183CA09200510558 /* tiaopin.jpeg in Resources */ = {isa = PBXBuildFile; fileRef = A19FFD9E183CA09200510558 /* tiaopin.jpeg */; };
		A19FFDB2183CA09200510558 /* wobushinideyuanjia.jpeg in Resources */ = {isa = PBXBuildFile; fileRef = A19FFD9F183CA09200510558 /* wobushinideyuanjia.jpeg */; };
		A19FFDB3183CA09200510558 /* woyaowomenzaiyiqi.jpeg in Resources */ = {isa = PBXBuildFile; fileRef = A19FFDA0183CA09200510558 /* woyaowomenzaiyiqi.jpeg */; };
		A19FFDB4183CA09200510558 /* xiaofudequnbai.jpeg in Resources */ = {isa = PBXBuildFile; fileRef = A19FFDA1183CA09200510558 /* xiaofudequnbai.jpeg */; };
		A19FFDB5183CA09200510558 /* xiaoyaodejinsechengbao.jpeg in Resources */ = {isa = PBXBuildFile; fileRef = A19FFDA2183CA09200510558 /* xiaoyaodejinsechengbao.jpeg */; };
		A19FFDB6183CA09200510558 /* zuishuxidemoshengren.jpeg in Resources */ = {isa = PBXBuildFile; fileRef = A19FFDA3183CA09200510558 /* zuishuxidemoshengren.jpeg */; };
		A19FFDB7183CA09200510558 /* zuoer.jpg in Resources */ = {isa = PBXBuildFile; fileRef = A19FFDA4183CA09200510558 /* zuoer.jpg */; };
		A19FFDB8183CA09200510558 /* zuoerzhongjie.jpeg in Resources */ = {isa = PBXBuildFile; fileRef = A19FFDA5183CA09200510558 /* zuoerzhongjie.jpeg */; };
		A19FFDB9183CA09200510558 /* BookShelfCell.png in Resources */ = {isa = PBXBuildFile; fileRef = A19FFDA6183CA09200510558 /* BookShelfCell.png */; };
		A19FFDBA183CA09200510558 /* BookShelfCell@2x.png in Resources */ = {isa = PBXBuildFile; fileRef = A19FFDA7183CA09200510558 /* BookShelfCell@2x.png */; };
		A19FFDBC183CA5CA00510558 /* Default@2x.png in Resources */ = {isa = PBXBuildFile; fileRef = A19FFDBB183CA5CA00510558 /* Default@2x.png */; };
		A19FFDBF183CA5ED00510558 /* f.png in Resources */ = {isa = PBXBuildFile; fileRef = A19FFDBD183CA5ED00510558 /* f.png */; };
		A19FFDC0183CA5ED00510558 /* z.png in Resources */ = {isa = PBXBuildFile; fileRef = A19FFDBE183CA5ED00510558 /* z.png */; };
/* End PBXBuildFile section */

/* Begin PBXContainerItemProxy section */
		A1804BDB183C611200858B22 /* PBXContainerItemProxy */ = {
			isa = PBXContainerItemProxy;
			containerPortal = A1804BAC183C611100858B22 /* Project object */;
			proxyType = 1;
			remoteGlobalIDString = A1804BB4183C611100858B22;
			remoteInfo = Magazineprojects;
		};
/* End PBXContainerItemProxy section */

/* Begin PBXFileReference section */
		A1804BB5183C611100858B22 /* Magazineprojects.app */ = {isa = PBXFileReference; explicitFileType = wrapper.application; includeInIndex = 0; path = Magazineprojects.app; sourceTree = BUILT_PRODUCTS_DIR; };
		A1804BB9183C611100858B22 /* UIKit.framework */ = {isa = PBXFileReference; lastKnownFileType = wrapper.framework; name = UIKit.framework; path = System/Library/Frameworks/UIKit.framework; sourceTree = SDKROOT; };
		A1804BBB183C611100858B22 /* Foundation.framework */ = {isa = PBXFileReference; lastKnownFileType = wrapper.framework; name = Foundation.framework; path = System/Library/Frameworks/Foundation.framework; sourceTree = SDKROOT; };
		A1804BBD183C611100858B22 /* CoreGraphics.framework */ = {isa = PBXFileReference; lastKnownFileType = wrapper.framework; name = CoreGraphics.framework; path = System/Library/Frameworks/CoreGraphics.framework; sourceTree = SDKROOT; };
		A1804BC1183C611100858B22 /* Magazineprojects-Info.plist */ = {isa = PBXFileReference; lastKnownFileType = text.plist.xml; path = "Magazineprojects-Info.plist"; sourceTree = "<group>"; };
		A1804BC3183C611100858B22 /* en */ = {isa = PBXFileReference; lastKnownFileType = text.plist.strings; name = en; path = en.lproj/InfoPlist.strings; sourceTree = "<group>"; };
		A1804BC5183C611100858B22 /* main.m */ = {isa = PBXFileReference; lastKnownFileType = sourcecode.c.objc; path = main.m; sourceTree = "<group>"; };
		A1804BC7183C611100858B22 /* Magazineprojects-Prefix.pch */ = {isa = PBXFileReference; lastKnownFileType = sourcecode.c.h; path = "Magazineprojects-Prefix.pch"; sourceTree = "<group>"; };
		A1804BC8183C611100858B22 /* XXXAppDelegate.h */ = {isa = PBXFileReference; lastKnownFileType = sourcecode.c.h; path = XXXAppDelegate.h; sourceTree = "<group>"; };
		A1804BC9183C611100858B22 /* XXXAppDelegate.m */ = {isa = PBXFileReference; lastKnownFileType = sourcecode.c.objc; path = XXXAppDelegate.m; sourceTree = "<group>"; };
		A1804BCB183C611100858B22 /* Default.png */ = {isa = PBXFileReference; lastKnownFileType = image.png; path = Default.png; sourceTree = "<group>"; };
		A1804BCD183C611100858B22 /* Default@2x.png */ = {isa = PBXFileReference; lastKnownFileType = image.png; path = "Default@2x.png"; sourceTree = "<group>"; };
		A1804BCF183C611100858B22 /* Default-568h@2x.png */ = {isa = PBXFileReference; lastKnownFileType = image.png; path = "Default-568h@2x.png"; sourceTree = "<group>"; };
		A1804BD6183C611200858B22 /* MagazineprojectsTests.octest */ = {isa = PBXFileReference; explicitFileType = wrapper.cfbundle; includeInIndex = 0; path = MagazineprojectsTests.octest; sourceTree = BUILT_PRODUCTS_DIR; };
		A1804BD7183C611200858B22 /* SenTestingKit.framework */ = {isa = PBXFileReference; lastKnownFileType = wrapper.framework; name = SenTestingKit.framework; path = Library/Frameworks/SenTestingKit.framework; sourceTree = DEVELOPER_DIR; };
		A1804BDF183C611200858B22 /* MagazineprojectsTests-Info.plist */ = {isa = PBXFileReference; lastKnownFileType = text.plist.xml; path = "MagazineprojectsTests-Info.plist"; sourceTree = "<group>"; };
		A1804BE1183C611200858B22 /* en */ = {isa = PBXFileReference; lastKnownFileType = text.plist.strings; name = en; path = en.lproj/InfoPlist.strings; sourceTree = "<group>"; };
		A1804BE3183C611200858B22 /* MagazineprojectsTests.h */ = {isa = PBXFileReference; lastKnownFileType = sourcecode.c.h; path = MagazineprojectsTests.h; sourceTree = "<group>"; };
		A1804BE4183C611200858B22 /* MagazineprojectsTests.m */ = {isa = PBXFileReference; lastKnownFileType = sourcecode.c.objc; path = MagazineprojectsTests.m; sourceTree = "<group>"; };
		A1804BF7183C64A300858B22 /* libxml2.dylib */ = {isa = PBXFileReference; lastKnownFileType = "compiled.mach-o.dylib"; name = libxml2.dylib; path = usr/lib/libxml2.dylib; sourceTree = SDKROOT; };
		A19FFCB5183C7EB200510558 /* GDataXMLNode.h */ = {isa = PBXFileReference; fileEncoding = 4; lastKnownFileType = sourcecode.c.h; path = GDataXMLNode.h; sourceTree = "<group>"; };
		A19FFCB6183C7EB200510558 /* GDataXMLNode.m */ = {isa = PBXFileReference; fileEncoding = 4; lastKnownFileType = sourcecode.c.objc; path = GDataXMLNode.m; sourceTree = "<group>"; };
		A19FFD25183C86F300510558 /* QuartzCore.framework */ = {isa = PBXFileReference; lastKnownFileType = wrapper.framework; name = QuartzCore.framework; path = System/Library/Frameworks/QuartzCore.framework; sourceTree = SDKROOT; };
		A19FFD6F183C967900510558 /* AccelerationAnimation.h */ = {isa = PBXFileReference; fileEncoding = 4; lastKnownFileType = sourcecode.c.h; path = AccelerationAnimation.h; sourceTree = "<group>"; };
		A19FFD70183C967900510558 /* AccelerationAnimation.m */ = {isa = PBXFileReference; fileEncoding = 4; lastKnownFileType = sourcecode.c.objc; path = AccelerationAnimation.m; sourceTree = "<group>"; };
		A19FFD71183C967900510558 /* Evaluate.h */ = {isa = PBXFileReference; fileEncoding = 4; lastKnownFileType = sourcecode.c.h; path = Evaluate.h; sourceTree = "<group>"; };
		A19FFD72183C967900510558 /* Evaluate.m */ = {isa = PBXFileReference; fileEncoding = 4; lastKnownFileType = sourcecode.c.objc; path = Evaluate.m; sourceTree = "<group>"; };
		A19FFD73183C967900510558 /* REBackgroundView.h */ = {isa = PBXFileReference; fileEncoding = 4; lastKnownFileType = sourcecode.c.h; path = REBackgroundView.h; sourceTree = "<group>"; };
		A19FFD74183C967900510558 /* REBackgroundView.m */ = {isa = PBXFileReference; fileEncoding = 4; lastKnownFileType = sourcecode.c.objc; path = REBackgroundView.m; sourceTree = "<group>"; };
		A19FFD75183C967900510558 /* RESideMenu.h */ = {isa = PBXFileReference; fileEncoding = 4; lastKnownFileType = sourcecode.c.h; path = RESideMenu.h; sourceTree = "<group>"; };
		A19FFD76183C967900510558 /* RESideMenu.m */ = {isa = PBXFileReference; fileEncoding = 4; lastKnownFileType = sourcecode.c.objc; path = RESideMenu.m; sourceTree = "<group>"; };
		A19FFD77183C967900510558 /* RESideMenuCell.h */ = {isa = PBXFileReference; fileEncoding = 4; lastKnownFileType = sourcecode.c.h; path = RESideMenuCell.h; sourceTree = "<group>"; };
		A19FFD78183C967900510558 /* RESideMenuCell.m */ = {isa = PBXFileReference; fileEncoding = 4; lastKnownFileType = sourcecode.c.objc; path = RESideMenuCell.m; sourceTree = "<group>"; };
		A19FFD79183C967900510558 /* RESideMenuItem.h */ = {isa = PBXFileReference; fileEncoding = 4; lastKnownFileType = sourcecode.c.h; path = RESideMenuItem.h; sourceTree = "<group>"; };
		A19FFD7A183C967900510558 /* RESideMenuItem.m */ = {isa = PBXFileReference; fileEncoding = 4; lastKnownFileType = sourcecode.c.objc; path = RESideMenuItem.m; sourceTree = "<group>"; };
		A19FFD7B183C967900510558 /* UINavigationController+DelegateFixes.h */ = {isa = PBXFileReference; fileEncoding = 4; lastKnownFileType = sourcecode.c.h; path = "UINavigationController+DelegateFixes.h"; sourceTree = "<group>"; };
		A19FFD7C183C967900510558 /* UINavigationController+DelegateFixes.m */ = {isa = PBXFileReference; fileEncoding = 4; lastKnownFileType = sourcecode.c.objc; path = "UINavigationController+DelegateFixes.m"; sourceTree = "<group>"; };
		A19FFD7D183C967A00510558 /* UIView+ImageSnapshot.h */ = {isa = PBXFileReference; fileEncoding = 4; lastKnownFileType = sourcecode.c.h; path = "UIView+ImageSnapshot.h"; sourceTree = "<group>"; };
		A19FFD7E183C967A00510558 /* UIView+ImageSnapshot.m */ = {isa = PBXFileReference; fileEncoding = 4; lastKnownFileType = sourcecode.c.objc; path = "UIView+ImageSnapshot.m"; sourceTree = "<group>"; };
		A19FFD89183C96BE00510558 /* DemoViewController.h */ = {isa = PBXFileReference; fileEncoding = 4; lastKnownFileType = sourcecode.c.h; path = DemoViewController.h; sourceTree = "<group>"; };
		A19FFD8A183C96BE00510558 /* DemoViewController.m */ = {isa = PBXFileReference; fileEncoding = 4; lastKnownFileType = sourcecode.c.objc; path = DemoViewController.m; sourceTree = "<group>"; };
		A19FFD8B183C96BE00510558 /* RootViewController.h */ = {isa = PBXFileReference; fileEncoding = 4; lastKnownFileType = sourcecode.c.h; path = RootViewController.h; sourceTree = "<group>"; };
		A19FFD8C183C96BE00510558 /* RootViewController.m */ = {isa = PBXFileReference; fileEncoding = 4; lastKnownFileType = sourcecode.c.objc; path = RootViewController.m; sourceTree = "<group>"; };
		A19FFD8D183C96BE00510558 /* SecondViewController.h */ = {isa = PBXFileReference; fileEncoding = 4; lastKnownFileType = sourcecode.c.h; path = SecondViewController.h; sourceTree = "<group>"; };
		A19FFD8E183C96BE00510558 /* SecondViewController.m */ = {isa = PBXFileReference; fileEncoding = 4; lastKnownFileType = sourcecode.c.objc; path = SecondViewController.m; sourceTree = "<group>"; };
		A19FFD95183CA09200510558 /* aizaixianjingderizi.jpeg */ = {isa = PBXFileReference; lastKnownFileType = image.jpeg; path = aizaixianjingderizi.jpeg; sourceTree = "<group>"; };
		A19FFD96183CA09200510558 /* anshizhangda.jpeg */ = {isa = PBXFileReference; lastKnownFileType = image.jpeg; path = anshizhangda.jpeg; sourceTree = "<group>"; };
		A19FFD97183CA09200510558 /* bubizhidaowoshishui.jpeg */ = {isa = PBXFileReference; lastKnownFileType = image.jpeg; path = bubizhidaowoshishui.jpeg; sourceTree = "<group>"; };
		A19FFD98183CA09200510558 /* dangnigudannihuixiangqishui.jpeg */ = {isa = PBXFileReference; lastKnownFileType = image.jpeg; path = dangnigudannihuixiangqishui.jpeg; sourceTree = "<group>"; };
		A19FFD99183CA09200510558 /* hudielaiguozheshijie.jpeg */ = {isa = PBXFileReference; lastKnownFileType = image.jpeg; path = hudielaiguozheshijie.jpeg; sourceTree = "<group>"; };
		A19FFD9A183CA09200510558 /* liaiyigeIDdejuli.jpeg */ = {isa = PBXFileReference; lastKnownFileType = image.jpeg; path = liaiyigeIDdejuli.jpeg; sourceTree = "<group>"; };
		A19FFD9B183CA09200510558 /* shalou.jpeg */ = {isa = PBXFileReference; lastKnownFileType = image.jpeg; path = shalou.jpeg; sourceTree = "<group>"; };
		A19FFD9C183CA09200510558 /* shinian.jpeg */ = {isa = PBXFileReference; lastKnownFileType = image.jpeg; path = shinian.jpeg; sourceTree = "<group>"; };
		A19FFD9D183CA09200510558 /* tangyi.jpeg */ = {isa = PBXFileReference; lastKnownFileType = image.jpeg; path = tangyi.jpeg; sourceTree = "<group>"; };
		A19FFD9E183CA09200510558 /* tiaopin.jpeg */ = {isa = PBXFileReference; lastKnownFileType = image.jpeg; path = tiaopin.jpeg; sourceTree = "<group>"; };
		A19FFD9F183CA09200510558 /* wobushinideyuanjia.jpeg */ = {isa = PBXFileReference; lastKnownFileType = image.jpeg; path = wobushinideyuanjia.jpeg; sourceTree = "<group>"; };
		A19FFDA0183CA09200510558 /* woyaowomenzaiyiqi.jpeg */ = {isa = PBXFileReference; lastKnownFileType = image.jpeg; path = woyaowomenzaiyiqi.jpeg; sourceTree = "<group>"; };
		A19FFDA1183CA09200510558 /* xiaofudequnbai.jpeg */ = {isa = PBXFileReference; lastKnownFileType = image.jpeg; path = xiaofudequnbai.jpeg; sourceTree = "<group>"; };
		A19FFDA2183CA09200510558 /* xiaoyaodejinsechengbao.jpeg */ = {isa = PBXFileReference; lastKnownFileType = image.jpeg; path = xiaoyaodejinsechengbao.jpeg; sourceTree = "<group>"; };
		A19FFDA3183CA09200510558 /* zuishuxidemoshengren.jpeg */ = {isa = PBXFileReference; lastKnownFileType = image.jpeg; path = zuishuxidemoshengren.jpeg; sourceTree = "<group>"; };
		A19FFDA4183CA09200510558 /* zuoer.jpg */ = {isa = PBXFileReference; lastKnownFileType = image.jpeg; path = zuoer.jpg; sourceTree = "<group>"; };
		A19FFDA5183CA09200510558 /* zuoerzhongjie.jpeg */ = {isa = PBXFileReference; lastKnownFileType = image.jpeg; path = zuoerzhongjie.jpeg; sourceTree = "<group>"; };
		A19FFDA6183CA09200510558 /* BookShelfCell.png */ = {isa = PBXFileReference; lastKnownFileType = image.png; path = BookShelfCell.png; sourceTree = "<group>"; };
		A19FFDA7183CA09200510558 /* BookShelfCell@2x.png */ = {isa = PBXFileReference; lastKnownFileType = image.png; path = "BookShelfCell@2x.png"; sourceTree = "<group>"; };
		A19FFDBB183CA5CA00510558 /* Default@2x.png */ = {isa = PBXFileReference; lastKnownFileType = image.png; path = "Default@2x.png"; sourceTree = "<group>"; };
		A19FFDBD183CA5ED00510558 /* f.png */ = {isa = PBXFileReference; lastKnownFileType = image.png; path = f.png; sourceTree = "<group>"; };
		A19FFDBE183CA5ED00510558 /* z.png */ = {isa = PBXFileReference; lastKnownFileType = image.png; path = z.png; sourceTree = "<group>"; };
/* End PBXFileReference section */

/* Begin PBXFrameworksBuildPhase section */
		A1804BB2183C611100858B22 /* Frameworks */ = {
			isa = PBXFrameworksBuildPhase;
			buildActionMask = 2147483647;
			files = (
				A19FFD26183C86F300510558 /* QuartzCore.framework in Frameworks */,
				A1804BF8183C64A300858B22 /* libxml2.dylib in Frameworks */,
				A1804BBA183C611100858B22 /* UIKit.framework in Frameworks */,
				A1804BBC183C611100858B22 /* Foundation.framework in Frameworks */,
				A1804BBE183C611100858B22 /* CoreGraphics.framework in Frameworks */,
			);
			runOnlyForDeploymentPostprocessing = 0;
		};
		A1804BD2183C611200858B22 /* Frameworks */ = {
			isa = PBXFrameworksBuildPhase;
			buildActionMask = 2147483647;
			files = (
				A1804BD8183C611200858B22 /* SenTestingKit.framework in Frameworks */,
				A1804BD9183C611200858B22 /* UIKit.framework in Frameworks */,
				A1804BDA183C611200858B22 /* Foundation.framework in Frameworks */,
			);
			runOnlyForDeploymentPostprocessing = 0;
		};
/* End PBXFrameworksBuildPhase section */

/* Begin PBXGroup section */
		A1804BAA183C611100858B22 = {
			isa = PBXGroup;
			children = (
				A1804BF0183C61D700858B22 /* Resources */,
				A1804BEF183C61CC00858B22 /* Classes */,
				A1804BEE183C61B000858B22 /* ThirdPart */,
				A1804BBF183C611100858B22 /* Magazineprojects */,
				A1804BDD183C611200858B22 /* MagazineprojectsTests */,
				A1804BB8183C611100858B22 /* Frameworks */,
				A1804BB6183C611100858B22 /* Products */,
			);
			sourceTree = "<group>";
		};
		A1804BB6183C611100858B22 /* Products */ = {
			isa = PBXGroup;
			children = (
				A1804BB5183C611100858B22 /* Magazineprojects.app */,
				A1804BD6183C611200858B22 /* MagazineprojectsTests.octest */,
			);
			name = Products;
			sourceTree = "<group>";
		};
		A1804BB8183C611100858B22 /* Frameworks */ = {
			isa = PBXGroup;
			children = (
				A19FFD25183C86F300510558 /* QuartzCore.framework */,
				A1804BF7183C64A300858B22 /* libxml2.dylib */,
				A1804BB9183C611100858B22 /* UIKit.framework */,
				A1804BBB183C611100858B22 /* Foundation.framework */,
				A1804BBD183C611100858B22 /* CoreGraphics.framework */,
				A1804BD7183C611200858B22 /* SenTestingKit.framework */,
			);
			name = Frameworks;
			sourceTree = "<group>";
		};
		A1804BBF183C611100858B22 /* Magazineprojects */ = {
			isa = PBXGroup;
			children = (
				A1804BC8183C611100858B22 /* XXXAppDelegate.h */,
				A1804BC9183C611100858B22 /* XXXAppDelegate.m */,
				A1804BC0183C611100858B22 /* Supporting Files */,
			);
			path = Magazineprojects;
			sourceTree = "<group>";
		};
		A1804BC0183C611100858B22 /* Supporting Files */ = {
			isa = PBXGroup;
			children = (
				A1804BC1183C611100858B22 /* Magazineprojects-Info.plist */,
				A1804BC2183C611100858B22 /* InfoPlist.strings */,
				A1804BC5183C611100858B22 /* main.m */,
				A1804BC7183C611100858B22 /* Magazineprojects-Prefix.pch */,
				A1804BCB183C611100858B22 /* Default.png */,
				A1804BCD183C611100858B22 /* Default@2x.png */,
				A1804BCF183C611100858B22 /* Default-568h@2x.png */,
			);
			name = "Supporting Files";
			sourceTree = "<group>";
		};
		A1804BDD183C611200858B22 /* MagazineprojectsTests */ = {
			isa = PBXGroup;
			children = (
				A1804BE3183C611200858B22 /* MagazineprojectsTests.h */,
				A1804BE4183C611200858B22 /* MagazineprojectsTests.m */,
				A1804BDE183C611200858B22 /* Supporting Files */,
			);
			path = MagazineprojectsTests;
			sourceTree = "<group>";
		};
		A1804BDE183C611200858B22 /* Supporting Files */ = {
			isa = PBXGroup;
			children = (
				A1804BDF183C611200858B22 /* MagazineprojectsTests-Info.plist */,
				A1804BE0183C611200858B22 /* InfoPlist.strings */,
			);
			name = "Supporting Files";
			sourceTree = "<group>";
		};
		A1804BEE183C61B000858B22 /* ThirdPart */ = {
			isa = PBXGroup;
			children = (
				A19FFD87183C968100510558 /* New Group */,
				A19FF8E7183C7E0600510558 /* GD */,
			);
			name = ThirdPart;
			sourceTree = "<group>";
		};
		A1804BEF183C61CC00858B22 /* Classes */ = {
			isa = PBXGroup;
			children = (
				A19FFD88183C969C00510558 /* Controller */,
				A1804BF4183C624700858B22 /* CustomBaseClass */,
				A1804BF2183C622C00858B22 /* View */,
				A1804BF1183C61F600858B22 /* Moedel */,
			);
			name = Classes;
			sourceTree = "<group>";
		};
		A1804BF0183C61D700858B22 /* Resources */ = {
			isa = PBXGroup;
			children = (
				A19FFDBD183CA5ED00510558 /* f.png */,
				A19FFDBE183CA5ED00510558 /* z.png */,
				A19FFDBB183CA5CA00510558 /* Default@2x.png */,
				A19FFD94183CA09200510558 /* book */,
				A19FFDA6183CA09200510558 /* BookShelfCell.png */,
				A19FFDA7183CA09200510558 /* BookShelfCell@2x.png */,
			);
			name = Resources;
			sourceTree = "<group>";
		};
		A1804BF1183C61F600858B22 /* Moedel */ = {
			isa = PBXGroup;
			children = (
			);
			name = Moedel;
			sourceTree = "<group>";
		};
		A1804BF2183C622C00858B22 /* View */ = {
			isa = PBXGroup;
			children = (
			);
			name = View;
			sourceTree = "<group>";
		};
		A1804BF4183C624700858B22 /* CustomBaseClass */ = {
			isa = PBXGroup;
			children = (
			);
			name = CustomBaseClass;
			sourceTree = "<group>";
		};
		A19FF8E7183C7E0600510558 /* GD */ = {
			isa = PBXGroup;
			children = (
				A19FFCB5183C7EB200510558 /* GDataXMLNode.h */,
				A19FFCB6183C7EB200510558 /* GDataXMLNode.m */,
			);
			name = GD;
			sourceTree = "<group>";
		};
		A19FFD87183C968100510558 /* New Group */ = {
			isa = PBXGroup;
			children = (
				A19FFD6F183C967900510558 /* AccelerationAnimation.h */,
				A19FFD74183C967900510558 /* REBackgroundView.m */,
				A19FFD70183C967900510558 /* AccelerationAnimation.m */,
				A19FFD71183C967900510558 /* Evaluate.h */,
				A19FFD72183C967900510558 /* Evaluate.m */,
				A19FFD73183C967900510558 /* REBackgroundView.h */,
				A19FFD75183C967900510558 /* RESideMenu.h */,
				A19FFD76183C967900510558 /* RESideMenu.m */,
				A19FFD77183C967900510558 /* RESideMenuCell.h */,
				A19FFD78183C967900510558 /* RESideMenuCell.m */,
				A19FFD79183C967900510558 /* RESideMenuItem.h */,
				A19FFD7A183C967900510558 /* RESideMenuItem.m */,
				A19FFD7B183C967900510558 /* UINavigationController+DelegateFixes.h */,
				A19FFD7C183C967900510558 /* UINavigationController+DelegateFixes.m */,
				A19FFD7D183C967A00510558 /* UIView+ImageSnapshot.h */,
				A19FFD7E183C967A00510558 /* UIView+ImageSnapshot.m */,
			);
			name = "New Group";
			sourceTree = "<group>";
		};
		A19FFD88183C969C00510558 /* Controller */ = {
			isa = PBXGroup;
			children = (
				A19FFD89183C96BE00510558 /* DemoViewController.h */,
				A19FFD8A183C96BE00510558 /* DemoViewController.m */,
				A19FFD8B183C96BE00510558 /* RootViewController.h */,
				A19FFD8C183C96BE00510558 /* RootViewController.m */,
				A19FFD8D183C96BE00510558 /* SecondViewController.h */,
				A19FFD8E183C96BE00510558 /* SecondViewController.m */,
			);
			name = Controller;
			sourceTree = "<group>";
		};
		A19FFD94183CA09200510558 /* book */ = {
			isa = PBXGroup;
			children = (
				A19FFD95183CA09200510558 /* aizaixianjingderizi.jpeg */,
				A19FFD96183CA09200510558 /* anshizhangda.jpeg */,
				A19FFD97183CA09200510558 /* bubizhidaowoshishui.jpeg */,
				A19FFD98183CA09200510558 /* dangnigudannihuixiangqishui.jpeg */,
				A19FFD99183CA09200510558 /* hudielaiguozheshijie.jpeg */,
				A19FFD9A183CA09200510558 /* liaiyigeIDdejuli.jpeg */,
				A19FFD9B183CA09200510558 /* shalou.jpeg */,
				A19FFD9C183CA09200510558 /* shinian.jpeg */,
				A19FFD9D183CA09200510558 /* tangyi.jpeg */,
				A19FFD9E183CA09200510558 /* tiaopin.jpeg */,
				A19FFD9F183CA09200510558 /* wobushinideyuanjia.jpeg */,
				A19FFDA0183CA09200510558 /* woyaowomenzaiyiqi.jpeg */,
				A19FFDA1183CA09200510558 /* xiaofudequnbai.jpeg */,
				A19FFDA2183CA09200510558 /* xiaoyaodejinsechengbao.jpeg */,
				A19FFDA3183CA09200510558 /* zuishuxidemoshengren.jpeg */,
				A19FFDA4183CA09200510558 /* zuoer.jpg */,
				A19FFDA5183CA09200510558 /* zuoerzhongjie.jpeg */,
			);
			path = book;
			sourceTree = "<group>";
		};
/* End PBXGroup section */

/* Begin PBXNativeTarget section */
		A1804BB4183C611100858B22 /* Magazineprojects */ = {
			isa = PBXNativeTarget;
			buildConfigurationList = A1804BE8183C611200858B22 /* Build configuration list for PBXNativeTarget "Magazineprojects" */;
			buildPhases = (
				A1804BB1183C611100858B22 /* Sources */,
				A1804BB2183C611100858B22 /* Frameworks */,
				A1804BB3183C611100858B22 /* Resources */,
			);
			buildRules = (
			);
			dependencies = (
			);
			name = Magazineprojects;
			productName = Magazineprojects;
			productReference = A1804BB5183C611100858B22 /* Magazineprojects.app */;
			productType = "com.apple.product-type.application";
		};
		A1804BD5183C611200858B22 /* MagazineprojectsTests */ = {
			isa = PBXNativeTarget;
			buildConfigurationList = A1804BEB183C611200858B22 /* Build configuration list for PBXNativeTarget "MagazineprojectsTests" */;
			buildPhases = (
				A1804BD1183C611200858B22 /* Sources */,
				A1804BD2183C611200858B22 /* Frameworks */,
				A1804BD3183C611200858B22 /* Resources */,
				A1804BD4183C611200858B22 /* ShellScript */,
			);
			buildRules = (
			);
			dependencies = (
				A1804BDC183C611200858B22 /* PBXTargetDependency */,
			);
			name = MagazineprojectsTests;
			productName = MagazineprojectsTests;
			productReference = A1804BD6183C611200858B22 /* MagazineprojectsTests.octest */;
			productType = "com.apple.product-type.bundle";
		};
/* End PBXNativeTarget section */

/* Begin PBXProject section */
		A1804BAC183C611100858B22 /* Project object */ = {
			isa = PBXProject;
			attributes = {
				CLASSPREFIX = XXX;
				LastUpgradeCheck = 0450;
				ORGANIZATIONNAME = sunjun;
			};
			buildConfigurationList = A1804BAF183C611100858B22 /* Build configuration list for PBXProject "Magazineprojects" */;
			compatibilityVersion = "Xcode 3.2";
			developmentRegion = English;
			hasScannedForEncodings = 0;
			knownRegions = (
				en,
			);
			mainGroup = A1804BAA183C611100858B22;
			productRefGroup = A1804BB6183C611100858B22 /* Products */;
			projectDirPath = "";
			projectRoot = "";
			targets = (
				A1804BB4183C611100858B22 /* Magazineprojects */,
				A1804BD5183C611200858B22 /* MagazineprojectsTests */,
			);
		};
/* End PBXProject section */

/* Begin PBXResourcesBuildPhase section */
		A1804BB3183C611100858B22 /* Resources */ = {
			isa = PBXResourcesBuildPhase;
			buildActionMask = 2147483647;
			files = (
				A1804BC4183C611100858B22 /* InfoPlist.strings in Resources */,
				A1804BCC183C611100858B22 /* Default.png in Resources */,
				A1804BCE183C611100858B22 /* Default@2x.png in Resources */,
				A1804BD0183C611100858B22 /* Default-568h@2x.png in Resources */,
				A19FFDA8183CA09200510558 /* aizaixianjingderizi.jpeg in Resources */,
				A19FFDA9183CA09200510558 /* anshizhangda.jpeg in Resources */,
				A19FFDAA183CA09200510558 /* bubizhidaowoshishui.jpeg in Resources */,
				A19FFDAB183CA09200510558 /* dangnigudannihuixiangqishui.jpeg in Resources */,
				A19FFDAC183CA09200510558 /* hudielaiguozheshijie.jpeg in Resources */,
				A19FFDAD183CA09200510558 /* liaiyigeIDdejuli.jpeg in Resources */,
				A19FFDAE183CA09200510558 /* shalou.jpeg in Resources */,
				A19FFDAF183CA09200510558 /* shinian.jpeg in Resources */,
				A19FFDB0183CA09200510558 /* tangyi.jpeg in Resources */,
				A19FFDB1183CA09200510558 /* tiaopin.jpeg in Resources */,
				A19FFDB2183CA09200510558 /* wobushinideyuanjia.jpeg in Resources */,
				A19FFDB3183CA09200510558 /* woyaowomenzaiyiqi.jpeg in Resources */,
				A19FFDB4183CA09200510558 /* xiaofudequnbai.jpeg in Resources */,
				A19FFDB5183CA09200510558 /* xiaoyaodejinsechengbao.jpeg in Resources */,
				A19FFDB6183CA09200510558 /* zuishuxidemoshengren.jpeg in Resources */,
				A19FFDB7183CA09200510558 /* zuoer.jpg in Resources */,
				A19FFDB8183CA09200510558 /* zuoerzhongjie.jpeg in Resources */,
				A19FFDB9183CA09200510558 /* BookShelfCell.png in Resources */,
				A19FFDBA183CA09200510558 /* BookShelfCell@2x.png in Resources */,
				A19FFDBC183CA5CA00510558 /* Default@2x.png in Resources */,
				A19FFDBF183CA5ED00510558 /* f.png in Resources */,
				A19FFDC0183CA5ED00510558 /* z.png in Resources */,
			);
			runOnlyForDeploymentPostprocessing = 0;
		};
		A1804BD3183C611200858B22 /* Resources */ = {
			isa = PBXResourcesBuildPhase;
			buildActionMask = 2147483647;
			files = (
				A1804BE2183C611200858B22 /* InfoPlist.strings in Resources */,
			);
			runOnlyForDeploymentPostprocessing = 0;
		};
/* End PBXResourcesBuildPhase section */

/* Begin PBXShellScriptBuildPhase section */
		A1804BD4183C611200858B22 /* ShellScript */ = {
			isa = PBXShellScriptBuildPhase;
			buildActionMask = 2147483647;
			files = (
			);
			inputPaths = (
			);
			outputPaths = (
			);
			runOnlyForDeploymentPostprocessing = 0;
			shellPath = /bin/sh;
			shellScript = "# Run the unit tests in this test bundle.\n\"${SYSTEM_DEVELOPER_DIR}/Tools/RunUnitTests\"\n";
		};
/* End PBXShellScriptBuildPhase section */

/* Begin PBXSourcesBuildPhase section */
		A1804BB1183C611100858B22 /* Sources */ = {
			isa = PBXSourcesBuildPhase;
			buildActionMask = 2147483647;
			files = (
				A1804BC6183C611100858B22 /* main.m in Sources */,
				A1804BCA183C611100858B22 /* XXXAppDelegate.m in Sources */,
				A19FFCB7183C7EB200510558 /* GDataXMLNode.m in Sources */,
				A19FFD7F183C967A00510558 /* AccelerationAnimation.m in Sources */,
				A19FFD80183C967A00510558 /* Evaluate.m in Sources */,
				A19FFD81183C967A00510558 /* REBackgroundView.m in Sources */,
				A19FFD82183C967A00510558 /* RESideMenu.m in Sources */,
				A19FFD83183C967A00510558 /* RESideMenuCell.m in Sources */,
				A19FFD84183C967A00510558 /* RESideMenuItem.m in Sources */,
				A19FFD85183C967A00510558 /* UINavigationController+DelegateFixes.m in Sources */,
				A19FFD86183C967A00510558 /* UIView+ImageSnapshot.m in Sources */,
				A19FFD8F183C96BE00510558 /* DemoViewController.m in Sources */,
				A19FFD90183C96BE00510558 /* RootViewController.m in Sources */,
				A19FFD91183C96BE00510558 /* SecondViewController.m in Sources */,
			);
			runOnlyForDeploymentPostprocessing = 0;
		};
		A1804BD1183C611200858B22 /* Sources */ = {
			isa = PBXSourcesBuildPhase;
			buildActionMask = 2147483647;
			files = (
				A19FFCB8183C80AF00510558 /* GDataXMLNode.m in Sources */,
				A1804BE5183C611200858B22 /* MagazineprojectsTests.m in Sources */,
			);
			runOnlyForDeploymentPostprocessing = 0;
		};
/* End PBXSourcesBuildPhase section */

/* Begin PBXTargetDependency section */
		A1804BDC183C611200858B22 /* PBXTargetDependency */ = {
			isa = PBXTargetDependency;
			target = A1804BB4183C611100858B22 /* Magazineprojects */;
			targetProxy = A1804BDB183C611200858B22 /* PBXContainerItemProxy */;
		};
/* End PBXTargetDependency section */

/* Begin PBXVariantGroup section */
		A1804BC2183C611100858B22 /* InfoPlist.strings */ = {
			isa = PBXVariantGroup;
			children = (
				A1804BC3183C611100858B22 /* en */,
			);
			name = InfoPlist.strings;
			sourceTree = "<group>";
		};
		A1804BE0183C611200858B22 /* InfoPlist.strings */ = {
			isa = PBXVariantGroup;
			children = (
				A1804BE1183C611200858B22 /* en */,
			);
			name = InfoPlist.strings;
			sourceTree = "<group>";
		};
/* End PBXVariantGroup section */

/* Begin XCBuildConfiguration section */
		A1804BE6183C611200858B22 /* Debug */ = {
			isa = XCBuildConfiguration;
			buildSettings = {
				ALWAYS_SEARCH_USER_PATHS = NO;
				CLANG_CXX_LANGUAGE_STANDARD = "gnu++0x";
				CLANG_CXX_LIBRARY = "libc++";
				CLANG_ENABLE_OBJC_ARC = YES;
				CLANG_WARN_EMPTY_BODY = YES;
				CLANG_WARN__DUPLICATE_METHOD_MATCH = YES;
				"CODE_SIGN_IDENTITY[sdk=iphoneos*]" = "iPhone Developer";
				COPY_PHASE_STRIP = NO;
				GCC_C_LANGUAGE_STANDARD = gnu99;
				GCC_DYNAMIC_NO_PIC = NO;
				GCC_OPTIMIZATION_LEVEL = 0;
				GCC_PREPROCESSOR_DEFINITIONS = (
					"DEBUG=1",
					"$(inherited)",
				);
				GCC_SYMBOLS_PRIVATE_EXTERN = NO;
				GCC_WARN_ABOUT_RETURN_TYPE = YES;
				GCC_WARN_UNINITIALIZED_AUTOS = YES;
				GCC_WARN_UNUSED_VARIABLE = YES;
				IPHONEOS_DEPLOYMENT_TARGET = 6.0;
				ONLY_ACTIVE_ARCH = YES;
				SDKROOT = iphoneos;
			};
			name = Debug;
		};
		A1804BE7183C611200858B22 /* Release */ = {
			isa = XCBuildConfiguration;
			buildSettings = {
				ALWAYS_SEARCH_USER_PATHS = NO;
				CLANG_CXX_LANGUAGE_STANDARD = "gnu++0x";
				CLANG_CXX_LIBRARY = "libc++";
				CLANG_ENABLE_OBJC_ARC = YES;
				CLANG_WARN_EMPTY_BODY = YES;
				CLANG_WARN__DUPLICATE_METHOD_MATCH = YES;
				"CODE_SIGN_IDENTITY[sdk=iphoneos*]" = "iPhone Developer";
				COPY_PHASE_STRIP = YES;
				GCC_C_LANGUAGE_STANDARD = gnu99;
				GCC_WARN_ABOUT_RETURN_TYPE = YES;
				GCC_WARN_UNINITIALIZED_AUTOS = YES;
				GCC_WARN_UNUSED_VARIABLE = YES;
				IPHONEOS_DEPLOYMENT_TARGET = 6.0;
				OTHER_CFLAGS = "-DNS_BLOCK_ASSERTIONS=1";
				SDKROOT = iphoneos;
				VALIDATE_PRODUCT = YES;
			};
			name = Release;
		};
		A1804BE9183C611200858B22 /* Debug */ = {
			isa = XCBuildConfiguration;
			buildSettings = {
				FRAMEWORK_SEARCH_PATHS = (
					"$(inherited)",
					"\"$(SRCROOT)/RESideMenu-master/RESideMenuExample\"",
				);
				GCC_PRECOMPILE_PREFIX_HEADER = YES;
				GCC_PREFIX_HEADER = "Magazineprojects/Magazineprojects-Prefix.pch";
				HEADER_SEARCH_PATHS = "$(SDK_DIR)/usr/include/libxml2";
				INFOPLIST_FILE = "Magazineprojects/Magazineprojects-Info.plist";
				PRODUCT_NAME = "$(TARGET_NAME)";
				WRAPPER_EXTENSION = app;
			};
			name = Debug;
		};
		A1804BEA183C611200858B22 /* Release */ = {
			isa = XCBuildConfiguration;
			buildSettings = {
				FRAMEWORK_SEARCH_PATHS = (
					"$(inherited)",
					"\"$(SRCROOT)/RESideMenu-master/RESideMenuExample\"",
				);
				GCC_PRECOMPILE_PREFIX_HEADER = YES;
				GCC_PREFIX_HEADER = "Magazineprojects/Magazineprojects-Prefix.pch";
				HEADER_SEARCH_PATHS = "$(SDK_DIR)/usr/include/libxml2";
				INFOPLIST_FILE = "Magazineprojects/Magazineprojects-Info.plist";
				PRODUCT_NAME = "$(TARGET_NAME)";
				WRAPPER_EXTENSION = app;
			};
			name = Release;
		};
		A1804BEC183C611200858B22 /* Debug */ = {
			isa = XCBuildConfiguration;
			buildSettings = {
				BUNDLE_LOADER = "$(BUILT_PRODUCTS_DIR)/Magazineprojects.app/Magazineprojects";
				FRAMEWORK_SEARCH_PATHS = (
					"\"$(SDKROOT)/Developer/Library/Frameworks\"",
					"\"$(DEVELOPER_LIBRARY_DIR)/Frameworks\"",
				);
				GCC_PRECOMPILE_PREFIX_HEADER = YES;
				GCC_PREFIX_HEADER = "Magazineprojects/Magazineprojects-Prefix.pch";
				INFOPLIST_FILE = "MagazineprojectsTests/MagazineprojectsTests-Info.plist";
				PRODUCT_NAME = "$(TARGET_NAME)";
				TEST_HOST = "$(BUNDLE_LOADER)";
				WRAPPER_EXTENSION = octest;
			};
			name = Debug;
		};
		A1804BED183C611200858B22 /* Release */ = {
			isa = XCBuildConfiguration;
			buildSettings = {
				BUNDLE_LOADER = "$(BUILT_PRODUCTS_DIR)/Magazineprojects.app/Magazineprojects";
				FRAMEWORK_SEARCH_PATHS = (
					"\"$(SDKROOT)/Developer/Library/Frameworks\"",
					"\"$(DEVELOPER_LIBRARY_DIR)/Frameworks\"",
				);
				GCC_PRECOMPILE_PREFIX_HEADER = YES;
				GCC_PREFIX_HEADER = "Magazineprojects/Magazineprojects-Prefix.pch";
				INFOPLIST_FILE = "MagazineprojectsTests/MagazineprojectsTests-Info.plist";
				PRODUCT_NAME = "$(TARGET_NAME)";
				TEST_HOST = "$(BUNDLE_LOADER)";
				WRAPPER_EXTENSION = octest;
			};
			name = Release;
		};
/* End XCBuildConfiguration section */

/* Begin XCConfigurationList section */
		A1804BAF183C611100858B22 /* Build configuration list for PBXProject "Magazineprojects" */ = {
			isa = XCConfigurationList;
			buildConfigurations = (
				A1804BE6183C611200858B22 /* Debug */,
				A1804BE7183C611200858B22 /* Release */,
			);
			defaultConfigurationIsVisible = 0;
			defaultConfigurationName = Release;
		};
		A1804BE8183C611200858B22 /* Build configuration list for PBXNativeTarget "Magazineprojects" */ = {
			isa = XCConfigurationList;
			buildConfigurations = (
				A1804BE9183C611200858B22 /* Debug */,
				A1804BEA183C611200858B22 /* Release */,
			);
			defaultConfigurationIsVisible = 0;
			defaultConfigurationName = Release;
		};
		A1804BEB183C611200858B22 /* Build configuration list for PBXNativeTarget "MagazineprojectsTests" */ = {
			isa = XCConfigurationList;
			buildConfigurations = (
				A1804BEC183C611200858B22 /* Debug */,
				A1804BED183C611200858B22 /* Release */,
			);
			defaultConfigurationIsVisible = 0;
			defaultConfigurationName = Release;
		};
/* End XCConfigurationList section */
	};
	rootObject = A1804BAC183C611100858B22 /* Project object */;
}
